
Microsoft Visual Studio Solution File, Format Version 12.00
# Visual Studio Version 16
VisualStudioVersion = 16.0.28803.352
MinimumVisualStudioVersion = 10.0.40219.1
Project("{FAE04EC0-301F-11D3-BF4B-00C04F79EFBC}") = "TeleYumaApp.Android", "TeleYumaApp\TeleYumaApp.Android\TeleYumaApp.Android.csproj", "{D39FE5ED-0968-4C6E-ACFB-DB7602A7EA1D}"
EndProject
Project("{9A19103F-16F7-4668-BE54-9A1E7A4F7556}") = "TeleYumaApp", "TeleYumaApp\TeleYumaApp\TeleYumaApp.csproj", "{EF6916E7-6B25-480D-A4EB-7660FC46CD75}"
EndProject
Global
	GlobalSection(SolutionConfigurationPlatforms) = preSolution
		Debug|Any CPU = Debug|Any CPU
		Debug|iPhone = Debug|iPhone
		Debug|iPhoneSimulator = Debug|iPhoneSimulator
		Release|Any CPU = Release|Any CPU
		Release|iPhone = Release|iPhone
		Release|iPhoneSimulator = Release|iPhoneSimulator
	EndGlobalSection
	GlobalSection(ProjectConfigurationPlatforms) = postSolution
		{D39FE5ED-0968-4C6E-ACFB-DB7602A7EA1D}.Debug|Any CPU.ActiveCfg = Debug|Any CPU
		{D39FE5ED-0968-4C6E-ACFB-DB7602A7EA1D}.Debug|Any CPU.Build.0 = Debug|Any CPU
		{D39FE5ED-0968-4C6E-ACFB-DB7602A7EA1D}.Debug|Any CPU.Deploy.0 = Debug|Any CPU
		{D39FE5ED-0968-4C6E-ACFB-DB7602A7EA1D}.Debug|iPhone.ActiveCfg = Debug|Any CPU
		{D39FE5ED-0968-4C6E-ACFB-DB7602A7EA1D}.Debug|iPhone.Build.0 = Debug|Any CPU
		{D39FE5ED-0968-4C6E-ACFB-DB7602A7EA1D}.Debug|iPhone.Deploy.0 = Debug|Any CPU
		{D39FE5ED-0968-4C6E-ACFB-DB7602A7EA1D}.Debug|iPhoneSimulator.ActiveCfg = Debug|Any CPU
		{D39FE5ED-0968-4C6E-ACFB-DB7602A7EA1D}.Debug|iPhoneSimulator.Build.0 = Debug|Any CPU
		{D39FE5ED-0968-4C6E-ACFB-DB7602A7EA1D}.Debug|iPhoneSimulator.Deploy.0 = Debug|Any CPU
		{D39FE5ED-0968-4C6E-ACFB-DB7602A7EA1D}.Release|Any CPU.ActiveCfg = Release|Any CPU
		{D39FE5ED-0968-4C6E-ACFB-DB7602A7EA1D}.Release|Any CPU.Build.0 = Release|Any CPU
		{D39FE5ED-0968-4C6E-ACFB-DB7602A7EA1D}.Release|Any CPU.Deploy.0 = Release|Any CPU
		{D39FE5ED-0968-4C6E-ACFB-DB7602A7EA1D}.Release|iPhone.ActiveCfg = Release|Any CPU
		{D39FE5ED-0968-4C6E-ACFB-DB7602A7EA1D}.Release|iPhone.Build.0 = Release|Any CPU
		{D39FE5ED-0968-4C6E-ACFB-DB7602A7EA1D}.Release|iPhone.Deploy.0 = Release|Any CPU
		{D39FE5ED-0968-4C6E-ACFB-DB7602A7EA1D}.Release|iPhoneSimulator.ActiveCfg = Release|Any CPU
		{D39FE5ED-0968-4C6E-ACFB-DB7602A7EA1D}.Release|iPhoneSimulator.Build.0 = Release|Any CPU
		{D39FE5ED-0968-4C6E-ACFB-DB7602A7EA1D}.Release|iPhoneSimulator.Deploy.0 = Release|Any CPU
		{EF6916E7-6B25-480D-A4EB-7660FC46CD75}.Debug|Any CPU.ActiveCfg = Debug|Any CPU
		{EF6916E7-6B25-480D-A4EB-7660FC46CD75}.Debug|Any CPU.Build.0 = Debug|Any CPU
		{EF6916E7-6B25-480D-A4EB-7660FC46CD75}.Debug|Any CPU.Deploy.0 = Debug|Any CPU
		{EF6916E7-6B25-480D-A4EB-7660FC46CD75}.Debug|iPhone.ActiveCfg = Debug|Any CPU
		{EF6916E7-6B25-480D-A4EB-7660FC46CD75}.Debug|iPhone.Build.0 = Debug|Any CPU
		{EF6916E7-6B25-480D-A4EB-7660FC46CD75}.Debug|iPhone.Deploy.0 = Debug|Any CPU
		{EF6916E7-6B25-480D-A4EB-7660FC46CD75}.Debug|iPhoneSimulator.ActiveCfg = Debug|Any CPU
		{EF6916E7-6B25-480D-A4EB-7660FC46CD75}.Debug|iPhoneSimulator.Build.0 = Debug|Any CPU
		{EF6916E7-6B25-480D-A4EB-7660FC46CD75}.Debug|iPhoneSimulator.Deploy.0 = Debug|Any CPU
		{EF6916E7-6B25-480D-A4EB-7660FC46CD75}.Release|Any CPU.ActiveCfg = Release|Any CPU
		{EF6916E7-6B25-480D-A4EB-7660FC46CD75}.Release|Any CPU.Build.0 = Release|Any CPU
		{EF6916E7-6B25-480D-A4EB-7660FC46CD75}.Release|Any CPU.Deploy.0 = Release|Any CPU
		{EF6916E7-6B25-480D-A4EB-7660FC46CD75}.Release|iPhone.ActiveCfg = Release|Any CPU
		{EF6916E7-6B25-480D-A4EB-7660FC46CD75}.Release|iPhone.Build.0 = Release|Any CPU
		{EF6916E7-6B25-480D-A4EB-7660FC46CD75}.Release|iPhone.Deploy.0 = Release|Any CPU
		{EF6916E7-6B25-480D-A4EB-7660FC46CD75}.Release|iPhoneSimulator.ActiveCfg = Release|Any CPU
		{EF6916E7-6B25-480D-A4EB-7660FC46CD75}.Release|iPhoneSimulator.Build.0 = Release|Any CPU
		{EF6916E7-6B25-480D-A4EB-7660FC46CD75}.Release|iPhoneSimulator.Deploy.0 = Release|Any CPU
	EndGlobalSection
	GlobalSection(SolutionProperties) = preSolution
		HideSolutionNode = FALSE
	EndGlobalSection
	GlobalSection(ExtensibilityGlobals) = postSolution
		SolutionGuid = {67044E2F-EF7A-4094-8DB4-731E55B7757B}
	EndGlobalSection
EndGlobal
